<?xml version="1.0" encoding="UTF-8" standalone="yes" ?>
<CodeBlocks_project_file>
	<FileVersion major="1" minor="6" />
	<Project>
		<Option title="sixgo" />
		<Option pch_mode="2" />
		<Option compiler="gcc" />
		<Build>
			<Target title="Debug">
				<Option output="bin/Debug/sixgo" prefix_auto="1" extension_auto="1" />
				<Option object_output="obj/Debug/" />
				<Option type="1" />
				<Option compiler="gcc" />
				<Compiler>
					<Add option="-g" />
				</Compiler>
			</Target>
			<Target title="Release">
				<Option output="bin/Release/sixgo" prefix_auto="1" extension_auto="1" />
				<Option object_output="obj/Release/" />
				<Option type="1" />
				<Option compiler="gcc" />
				<Compiler>
					<Add option="-O2" />
				</Compiler>
				<Linker>
					<Add option="-s" />
				</Linker>
			</Target>
		</Build>
		<Compiler>
			<Add option="-Wall" />
			<Add option="-fexceptions" />
		</Compiler>
		<Unit filename="sixgo_computer/ChessManual.cpp" />
		<Unit filename="sixgo_computer/ChessManual.h" />
		<Unit filename="sixgo_computer/Debug.cpp" />
		<Unit filename="sixgo_computer/Debug.h" />
		<Unit filename="sixgo_computer/LineTypeTable.cpp" />
		<Unit filename="sixgo_computer/MaintainInfo.cpp" />
		<Unit filename="sixgo_computer/MaintainInfo.h" />
		<Unit filename="sixgo_computer/Seach.cpp" />
		<Unit filename="sixgo_computer/Seach.h" />
		<Unit filename="sixgo_computer/StepGenerator.cpp" />
		<Unit filename="sixgo_computer/StepGenerator.h" />
		<Unit filename="sixgo_computer/base.cpp" />
		<Unit filename="sixgo_computer/base.h" />
		<Unit filename="sixgo_computer/connect_six.h" />
		<Unit filename="sixgo_computer/hash.cpp" />
		<Unit filename="sixgo_computer/hash.h" />
		<Unit filename="sixgo_computer/linetype.h" />
		<Unit filename="sixgo_computer/sixgo.cpp" />
		<Extensions>
			<envvars />
			<code_completion />
			<lib_finder disable_auto="1" />
			<debugger />
		</Extensions>
	</Project>
</CodeBlocks_project_file>
